PODS:
  - ActionSheetPicker-3.0 (2.5.0)
  - Alamofire (4.9.1)
  - BadgeSwift (5.0.1)
  - Bolts (1.9.1):
    - Bolts/AppLinks (= 1.9.1)
    - Bolts/Tasks (= 1.9.1)
  - Bolts/AppLinks (1.9.1):
    - Bolts/Tasks
  - Bolts/Tasks (1.9.1)
  - Braintree (4.34.0):
    - Braintree/Card (= 4.34.0)
    - Braintree/Core (= 4.34.0)
    - Braintree/PayPal (= 4.34.0)
    - Braintree/UI (= 4.34.0)
  - Braintree/3D-Secure (4.34.0):
    - Braintree/Card
    - Braintree/Core
  - Braintree/Apple-Pay (4.34.0):
    - Braintree/Core
  - Braintree/Card (4.34.0):
    - Braintree/Core
  - Braintree/Core (4.34.0)
  - Braintree/PaymentFlow (4.34.0):
    - Braintree/Card
    - Braintree/Core
    - Braintree/PayPalOneTouch
  - Braintree/PayPal (4.34.0):
    - Braintree/Core
    - Braintree/PayPalOneTouch
  - Braintree/PayPalDataCollector (4.34.0):
    - Braintree/Core
    - Braintree/PayPalUtils
  - Braintree/PayPalOneTouch (4.34.0):
    - Braintree/Core
    - Braintree/PayPalDataCollector
    - Braintree/PayPalUtils
  - Braintree/PayPalUtils (4.34.0)
  - Braintree/UI (4.34.0):
    - Braintree/Card
    - Braintree/Core
  - Braintree/UnionPay (4.34.0):
    - Braintree/Card
    - Braintree/Core
  - Braintree/Venmo (4.34.0):
    - Braintree/Core
    - Braintree/PayPalDataCollector
  - BraintreeDropIn (8.1.0):
    - BraintreeDropIn/DropIn (= 8.1.0)
  - BraintreeDropIn/DropIn (8.1.0):
    - Braintree/Card (~> 4.32)
    - Braintree/Core (~> 4.32)
    - Braintree/PaymentFlow (~> 4.32)
    - Braintree/PayPal (~> 4.32)
    - Braintree/UnionPay (~> 4.32)
    - BraintreeDropIn/UIKit
  - BraintreeDropIn/UIKit (8.1.0)
  - Cosmos (9.0.0)
  - Crashlytics (3.14.0):
    - Fabric (~> 1.10.2)
  - CropViewController (2.5.3)
  - DKCamera (1.6.7)
  - DKImagePickerController (4.3.2):
    - DKImagePickerController/Camera (= 4.3.2)
    - DKImagePickerController/Core (= 4.3.2)
    - DKImagePickerController/ImageDataManager (= 4.3.2)
    - DKImagePickerController/InlineCamera (= 4.3.2)
    - DKImagePickerController/PhotoEditor (= 4.3.2)
    - DKImagePickerController/PhotoGallery (= 4.3.2)
    - DKImagePickerController/Resource (= 4.3.2)
  - DKImagePickerController/Camera (4.3.2):
    - DKCamera
    - DKImagePickerController/Core
  - DKImagePickerController/Core (4.3.2):
    - DKImagePickerController/ImageDataManager
    - DKImagePickerController/Resource
  - DKImagePickerController/ImageDataManager (4.3.2)
  - DKImagePickerController/InlineCamera (4.3.2):
    - DKCamera
    - DKImagePickerController/Core
  - DKImagePickerController/PhotoEditor (4.3.2):
    - CropViewController (~> 2.5)
    - DKImagePickerController/Core
  - DKImagePickerController/PhotoGallery (4.3.2):
    - DKImagePickerController/Core
    - DKPhotoGallery
  - DKImagePickerController/Resource (4.3.2)
  - DKPhotoGallery (0.0.17):
    - DKPhotoGallery/Core (= 0.0.17)
    - DKPhotoGallery/Model (= 0.0.17)
    - DKPhotoGallery/Preview (= 0.0.17)
    - DKPhotoGallery/Resource (= 0.0.17)
    - SDWebImage
    - SwiftyGif
  - DKPhotoGallery/Core (0.0.17):
    - DKPhotoGallery/Model
    - DKPhotoGallery/Preview
    - SDWebImage
    - SwiftyGif
  - DKPhotoGallery/Model (0.0.17):
    - SDWebImage
    - SwiftyGif
  - DKPhotoGallery/Preview (0.0.17):
    - DKPhotoGallery/Model
    - DKPhotoGallery/Resource
    - SDWebImage
    - SwiftyGif
  - DKPhotoGallery/Resource (0.0.17):
    - SDWebImage
    - SwiftyGif
  - EmptyDataSet-Swift (4.0.5)
  - Fabric (1.10.2)
  - FFCircularProgressView (0.5)
  - Firebase/Core (6.27.0):
    - Firebase/CoreOnly
    - FirebaseAnalytics (= 6.6.1)
  - Firebase/CoreOnly (6.27.0):
    - FirebaseCore (= 6.8.0)
  - FirebaseAnalytics (6.6.1):
    - FirebaseCore (~> 6.8)
    - FirebaseInstallations (~> 1.4)
    - GoogleAppMeasurement (= 6.6.1)
    - GoogleUtilities/AppDelegateSwizzler (~> 6.0)
    - GoogleUtilities/MethodSwizzler (~> 6.0)
    - GoogleUtilities/Network (~> 6.0)
    - "GoogleUtilities/NSData+zlib (~> 6.0)"
    - nanopb (~> 1.30905.0)
  - FirebaseCore (6.8.0):
    - FirebaseCoreDiagnostics (~> 1.3)
    - GoogleUtilities/Environment (~> 6.5)
    - GoogleUtilities/Logger (~> 6.5)
  - FirebaseCoreDiagnostics (1.4.0):
    - GoogleDataTransportCCTSupport (~> 3.1)
    - GoogleUtilities/Environment (~> 6.5)
    - GoogleUtilities/Logger (~> 6.5)
    - nanopb (~> 1.30905.0)
  - FirebaseInstallations (1.4.0):
    - FirebaseCore (~> 6.8)
    - GoogleUtilities/Environment (~> 6.6)
    - GoogleUtilities/UserDefaults (~> 6.6)
    - PromisesObjC (~> 1.2)
  - FRHyperLabel (1.0.4)
  - FTImageViewer (2.0.6):
    - Kingfisher
  - GoogleAnalytics (3.17.0)
  - GoogleAppMeasurement (6.6.1):
    - GoogleUtilities/AppDelegateSwizzler (~> 6.0)
    - GoogleUtilities/MethodSwizzler (~> 6.0)
    - GoogleUtilities/Network (~> 6.0)
    - "GoogleUtilities/NSData+zlib (~> 6.0)"
    - nanopb (~> 1.30905.0)
  - GoogleDataTransport (6.2.1)
  - GoogleDataTransportCCTSupport (3.2.0):
    - GoogleDataTransport (~> 6.1)
    - nanopb (~> 1.30905.0)
  - GoogleUtilities/AppDelegateSwizzler (6.6.0):
    - GoogleUtilities/Environment
    - GoogleUtilities/Logger
    - GoogleUtilities/Network
  - GoogleUtilities/Environment (6.6.0):
    - PromisesObjC (~> 1.2)
  - GoogleUtilities/Logger (6.6.0):
    - GoogleUtilities/Environment
  - GoogleUtilities/MethodSwizzler (6.6.0):
    - GoogleUtilities/Logger
  - GoogleUtilities/Network (6.6.0):
    - GoogleUtilities/Logger
    - "GoogleUtilities/NSData+zlib"
    - GoogleUtilities/Reachability
  - "GoogleUtilities/NSData+zlib (6.6.0)"
  - GoogleUtilities/Reachability (6.6.0):
    - GoogleUtilities/Logger
  - GoogleUtilities/UserDefaults (6.6.0):
    - GoogleUtilities/Logger
  - IQKeyboardManagerSwift (6.5.5)
  - KDCircularProgress (1.5.4)
  - Kingfisher (5.14.0):
    - Kingfisher/Core (= 5.14.0)
  - Kingfisher/Core (5.14.0)
  - MIBadgeButton-Swift (0.5)
  - nanopb (1.30905.0):
    - nanopb/decode (= 1.30905.0)
    - nanopb/encode (= 1.30905.0)
  - nanopb/decode (1.30905.0)
  - nanopb/encode (1.30905.0)
  - PromisesObjC (1.2.9)
  - QMChatViewController (0.6.6):
    - FFCircularProgressView
    - QMChatViewController/Categories (= 0.6.6)
    - QMChatViewController/Protocols (= 0.6.6)
    - QMChatViewController/QMChatDataSource (= 0.6.6)
    - QMChatViewController/QMChatLocationSnapshotter (= 0.6.6)
    - QMChatViewController/Utils (= 0.6.6)
    - QMChatViewController/Views (= 0.6.6)
    - QuickBlox
    - SDWebImage
    - TTTAttributedLabel
  - QMChatViewController/Categories (0.6.6):
    - FFCircularProgressView
    - QuickBlox
    - SDWebImage
    - TTTAttributedLabel
  - QMChatViewController/Protocols (0.6.6):
    - FFCircularProgressView
    - QuickBlox
    - SDWebImage
    - TTTAttributedLabel
  - QMChatViewController/QMChatDataSource (0.6.6):
    - FFCircularProgressView
    - QMChatViewController/Utils
    - QuickBlox
    - SDWebImage
    - TTTAttributedLabel
  - QMChatViewController/QMChatLocationSnapshotter (0.6.6):
    - FFCircularProgressView
    - QMChatViewController/Utils
    - QuickBlox
    - SDWebImage
    - TTTAttributedLabel
  - QMChatViewController/Utils (0.6.6):
    - FFCircularProgressView
    - QMChatViewController/Categories
    - QuickBlox
    - SDWebImage
    - TTTAttributedLabel
  - QMChatViewController/Views (0.6.6):
    - FFCircularProgressView
    - QMChatViewController/Categories
    - QMChatViewController/Protocols
    - QMChatViewController/Utils
    - QuickBlox
    - SDWebImage
    - TTTAttributedLabel
  - QMServices (0.6.2):
    - Bolts (>= 1.9.0)
    - QuickBlox (>= 2.17)
  - QuickBlox (2.17.4)
  - SDWebImage (3.8.3):
    - SDWebImage/Core (= 3.8.3)
  - SDWebImage/Core (3.8.3)
  - SearchEmojiOnString (1.1.0)
  - Stripe (19.3.0)
  - SVProgressHUD (1.1.3)
  - SwiftMessages (7.0.1):
    - SwiftMessages/App (= 7.0.1)
  - SwiftMessages/App (7.0.1)
  - SwiftyGif (5.3.0)
  - TTTAttributedLabel (2.0.0)

DEPENDENCIES:
  - ActionSheetPicker-3.0
  - Alamofire (~> 4.4)
  - BadgeSwift (~> 5.0)
  - Braintree
  - Braintree/3D-Secure
  - Braintree/Apple-Pay
  - Braintree/PayPal
  - Braintree/Venmo
  - BraintreeDropIn
  - Cosmos (~> 9.0)
  - Crashlytics
  - DKImagePickerController
  - EmptyDataSet-Swift (~> 4.0.2)
  - Fabric
  - Firebase/Core
  - FRHyperLabel
  - FTImageViewer
  - GoogleAnalytics
  - IQKeyboardManagerSwift
  - KDCircularProgress
  - MIBadgeButton-Swift (from `https://github.com/mustafaibrahim989/MIBadgeButton-Swift.git`, branch `master`)
  - QMChatViewController
  - QMServices
  - SDWebImage (~> 3.8)
  - SearchEmojiOnString
  - Stripe
  - SVProgressHUD (~> 1.1.3)
  - SwiftMessages

SPEC REPOS:
  trunk:
    - ActionSheetPicker-3.0
    - Alamofire
    - BadgeSwift
    - Bolts
    - Braintree
    - BraintreeDropIn
    - Cosmos
    - Crashlytics
    - CropViewController
    - DKCamera
    - DKImagePickerController
    - DKPhotoGallery
    - EmptyDataSet-Swift
    - Fabric
    - FFCircularProgressView
    - Firebase
    - FirebaseAnalytics
    - FirebaseCore
    - FirebaseCoreDiagnostics
    - FirebaseInstallations
    - FRHyperLabel
    - FTImageViewer
    - GoogleAnalytics
    - GoogleAppMeasurement
    - GoogleDataTransport
    - GoogleDataTransportCCTSupport
    - GoogleUtilities
    - IQKeyboardManagerSwift
    - KDCircularProgress
    - Kingfisher
    - nanopb
    - PromisesObjC
    - QMChatViewController
    - QMServices
    - QuickBlox
    - SDWebImage
    - SearchEmojiOnString
    - Stripe
    - SVProgressHUD
    - SwiftMessages
    - SwiftyGif
    - TTTAttributedLabel

EXTERNAL SOURCES:
  MIBadgeButton-Swift:
    :branch: master
    :git: https://github.com/mustafaibrahim989/MIBadgeButton-Swift.git

CHECKOUT OPTIONS:
  MIBadgeButton-Swift:
    :commit: 3c2638d2e6e46ec2e6dd978d8ada8863df3df5e6
    :git: https://github.com/mustafaibrahim989/MIBadgeButton-Swift.git

SPEC CHECKSUMS:
  ActionSheetPicker-3.0: 6d79f6f3b98e2b21d218dd65a39f634ff37a27e5
  Alamofire: 85e8a02c69d6020a0d734f6054870d7ecb75cf18
  BadgeSwift: 3defa56f504bfb46f2300122c4a565ec9e405c1e
  Bolts: 8c1e8aab2f603387b8b9924f57d1d64f43d3ffdc
  Braintree: 48154e70306eb3e6c81eaa87bbc5c5988c0d2784
  BraintreeDropIn: fc3e96a8a2b5416e5e3a3beba119f0089713bc1e
  Cosmos: 33eee62b2a0418452aef470f711f83c3ea061b7b
  Crashlytics: 540b7e5f5da5a042647227a5e3ac51d85eed06df
  CropViewController: a5c143548a0fabcd6cc25f2d26e40460cfb8c78c
  DKCamera: a902b66921fca14b7a75266feb8c7568aa7caa71
  DKImagePickerController: b5eb7f7a388e4643264105d648d01f727110fc3d
  DKPhotoGallery: fdfad5125a9fdda9cc57df834d49df790dbb4179
  EmptyDataSet-Swift: a25810f50c3adfaa3840aa33ae8b5ba12ac29279
  Fabric: 706c8b8098fff96c33c0db69cbf81f9c551d0d74
  FFCircularProgressView: 683a4ab1e1bd613246a3dffa61503ffdebcde8d8
  Firebase: fc4cbf6f1592636431821ef9a3c557e4dfd9f268
  FirebaseAnalytics: 0ea640473474f036cabbc2576e20c2d63671c92f
  FirebaseCore: feda061cb1ee6d8ad4824f4a4a8ffbcfe284f595
  FirebaseCoreDiagnostics: 4505e4d4009b1d93f605088ee7d7764d5f0d1c84
  FirebaseInstallations: 293f567159b6d66d1c990f13bb868066096c94ec
  FRHyperLabel: f4a127d5f8ffb211040554615e93f936d5a576a6
  FTImageViewer: a09a96de4c98ed824ab288301c828e590a8a6f47
  GoogleAnalytics: f42cc53a87a51fe94334821868d9c8481ff47a7b
  GoogleAppMeasurement: 2fd5c5a56c069db635c8e7b92d4809a9591d0a69
  GoogleDataTransport: 9a8a16f79feffc7f42096743de2a7c4815e84020
  GoogleDataTransportCCTSupport: 489c1265d2c85b68187a83a911913d190012158d
  GoogleUtilities: 39530bc0ad980530298e9c4af8549e991fd033b1
  IQKeyboardManagerSwift: 0fb93310284665245591f50f7a5e38de615960b7
  KDCircularProgress: 98200c6b8e85d22bc04eb644721d3b1e12b0686b
  Kingfisher: 7b64389a43139c903ec434788344c288217c792d
  MIBadgeButton-Swift: 9e57309b00b168d75ca8fecb45bc75124a8ffddf
  nanopb: c43f40fadfe79e8b8db116583945847910cbabc9
  PromisesObjC: b48e0338dbbac2207e611750777895f7a5811b75
  QMChatViewController: 43e22929d4abbdb88cc5db5b25c54f13dbfe8373
  QMServices: 96ee12749db0497cfb6543db9c4b11e8f913e2d7
  QuickBlox: 992be26bc127313991a1337dfd98c9359832c147
  SDWebImage: a72e880a8fe0f7fc31efe15aaed443c074d2a80c
  SearchEmojiOnString: 7344970449603396555d058a0dc297b5471bafa7
  Stripe: dd5bfdd5f1daed4f9ddbfb47e9449ec302f9f708
  SVProgressHUD: 748080e4f36e603f6c02aec292664239df5279c1
  SwiftMessages: b577dc7043be8b299857ab35bb663dbff6483bd0
  SwiftyGif: e466e86c660d343357ab944a819a101c4127cb40
  TTTAttributedLabel: 8cffe8e127e4e82ff3af1e5386d4cd0ad000b656

PODFILE CHECKSUM: 6fc1aa5d8643a80d2562e297862b61405fa46858

COCOAPODS: 1.9.3
